
Microsoft Visual Studio Solution File, Format Version 12.00
# Visual Studio Version 17
VisualStudioVersion = 17.11.35327.3
MinimumVisualStudioVersion = 10.0.40219.1
Project("{8BC9CEB8-8B4A-11D0-8D11-00A0C91BC942}") = "imgui", "imgui.vcxproj", "{924478A3-94AE-404D-A664-258C265511FA}"
EndProject
Global
	GlobalSection(SolutionConfigurationPlatforms) = preSolution
		Debug|x64 = Debug|x64
		Release|x64 = Release|x64
	EndGlobalSection
	GlobalSection(ProjectConfigurationPlatforms) = postSolution
		{924478A3-94AE-404D-A664-258C265511FA}.Debug|x64.ActiveCfg = Debug|x64
		{924478A3-94AE-404D-A664-258C265511FA}.Debug|x64.Build.0 = Debug|x64
		{924478A3-94AE-404D-A664-258C265511FA}.Release|x64.ActiveCfg = Release|x64
		{924478A3-94AE-404D-A664-258C265511FA}.Release|x64.Build.0 = Release|x64
	EndGlobalSection
	GlobalSection(SolutionProperties) = preSolution
		HideSolutionNode = FALSE
	EndGlobalSection
	GlobalSection(ExtensibilityGlobals) = postSolution
		SolutionGuid = {E3094870-785C-496B-8EB1-7F57A4C1C999}
	EndGlobalSection
EndGlobal
