<?xml version="1.0" encoding="utf-8"?>
<Project ToolsVersion="4.0" xmlns="http://schemas.microsoft.com/developer/msbuild/2003">
  <ItemGroup>
    <Filter Include="Source Files">
      <UniqueIdentifier>{4FC737F1-C7A5-4376-A066-2A32D752A2FF}</UniqueIdentifier>
      <Extensions>cpp;c;cc;cxx;c++;cppm;ixx;def;odl;idl;hpj;bat;asm;asmx</Extensions>
    </Filter>
    <Filter Include="Header Files">
      <UniqueIdentifier>{93995380-89BD-4b04-88EB-625FBE52EBFB}</UniqueIdentifier>
      <Extensions>h;hh;hpp;hxx;h++;hm;inl;inc;ipp;xsd</Extensions>
    </Filter>
    <Filter Include="Resource Files">
      <UniqueIdentifier>{67DA6AB6-F800-4c08-8B7A-83BB121AAD01}</UniqueIdentifier>
      <Extensions>rc;ico;cur;bmp;dlg;rc2;rct;bin;rgs;gif;jpg;jpeg;jpe;resx;tiff;tif;png;wav;mfcribbon-ms</Extensions>
    </Filter>
    <Filter Include="Source Files\Renderer">
      <UniqueIdentifier>{06a3b962-13cc-455f-8eb9-727dc8145ab4}</UniqueIdentifier>
    </Filter>
    <Filter Include="Source Files\Common">
      <UniqueIdentifier>{db2e8a43-870d-4711-986e-167d4d05846f}</UniqueIdentifier>
    </Filter>
    <Filter Include="Source Files\Shaders">
      <UniqueIdentifier>{237526dc-0d0e-4768-98d7-6ec5741915b1}</UniqueIdentifier>
    </Filter>
    <Filter Include="Source Files\Primitives">
      <UniqueIdentifier>{5b0434a6-11ce-46ef-9f1d-08133e705044}</UniqueIdentifier>
    </Filter>
    <Filter Include="Source Files\2D">
      <UniqueIdentifier>{145dfd6e-6d22-4250-ae28-c09053934951}</UniqueIdentifier>
    </Filter>
    <Filter Include="Source Files\Lights">
      <UniqueIdentifier>{75fc00dc-2049-4ed2-83a8-344eecf5d204}</UniqueIdentifier>
    </Filter>
    <Filter Include="Source Files\Shaders\Constants">
      <UniqueIdentifier>{81671f56-b8e7-40ff-9b67-2b44d949e9db}</UniqueIdentifier>
    </Filter>
    <Filter Include="Source Files\Shaders\Compiler">
      <UniqueIdentifier>{1a8cd92a-3b92-4ef9-8b01-4d25b2adda6c}</UniqueIdentifier>
    </Filter>
    <Filter Include="Source Files\3D">
      <UniqueIdentifier>{b90e3106-5ec8-46d2-abb0-1ec03d971076}</UniqueIdentifier>
    </Filter>
    <Filter Include="Source Files\Utils">
      <UniqueIdentifier>{31a7973f-b5e6-4f9a-bc03-8f524e2e5798}</UniqueIdentifier>
    </Filter>
    <Filter Include="Source Files\Templates">
      <UniqueIdentifier>{19e99977-8809-4607-a1a2-5d417fc45f09}</UniqueIdentifier>
    </Filter>
    <Filter Include="Source Files\FileSystem">
      <UniqueIdentifier>{adb4d0b5-8a68-4e68-9619-c4bd2d5911f7}</UniqueIdentifier>
    </Filter>
  </ItemGroup>
  <ItemGroup>
    <ClInclude Include="targetver.h">
      <Filter>Header Files</Filter>
    </ClInclude>
    <ClInclude Include="d3dx12.h">
      <Filter>Header Files</Filter>
    </ClInclude>
    <ClInclude Include="Renderer\Renderer.h">
      <Filter>Source Files\Renderer</Filter>
    </ClInclude>
    <ClInclude Include="Common\DirectXHelper.h">
      <Filter>Source Files\Common</Filter>
    </ClInclude>
    <ClInclude Include="Renderer\VertexFormats.h">
      <Filter>Source Files\Renderer</Filter>
    </ClInclude>
    <ClInclude Include="Common\StepTimer.h">
      <Filter>Source Files\Common</Filter>
    </ClInclude>
    <ClInclude Include="Primitives\Floor.h">
      <Filter>Source Files\Primitives</Filter>
    </ClInclude>
    <ClInclude Include="Shaders\Compiler\ShaderCompiler.h">
      <Filter>Source Files\Shaders\Compiler</Filter>
    </ClInclude>
    <ClInclude Include="Templates\Mesh\Mesh.h">
      <Filter>Source Files\Templates</Filter>
    </ClInclude>
    <ClInclude Include="Templates\Material\Material.h">
      <Filter>Source Files\Templates</Filter>
    </ClInclude>
    <ClInclude Include="Templates\Sound\Sound.h">
      <Filter>Source Files\Templates</Filter>
    </ClInclude>
    <ClInclude Include="Resource.h">
      <Filter>Header Files</Filter>
    </ClInclude>
    <ClInclude Include="Engine.h">
      <Filter>Source Files</Filter>
    </ClInclude>
    <ClInclude Include="pch.h">
      <Filter>Source Files</Filter>
    </ClInclude>
    <ClInclude Include="Common\d3dx12.h">
      <Filter>Header Files</Filter>
    </ClInclude>
    <ClInclude Include="Primitives\Pentahedron.h">
      <Filter>Header Files</Filter>
    </ClInclude>
    <ClInclude Include="Primitives\Cube.h">
      <Filter>Header Files</Filter>
    </ClInclude>
    <ClInclude Include="Primitives\Primivites.h">
      <Filter>Header Files</Filter>
    </ClInclude>
    <ClInclude Include="Templates\Shader\Shader.h">
      <Filter>Header Files</Filter>
    </ClInclude>
    <ClInclude Include="pch\Application.h">
      <Filter>Header Files</Filter>
    </ClInclude>
    <ClInclude Include="Scene\Renderable\Renderable.h">
      <Filter>Header Files</Filter>
    </ClInclude>
    <ClInclude Include="Renderer\DeviceUtils\D3D12Device\Builder.h">
      <Filter>Header Files</Filter>
    </ClInclude>
    <ClInclude Include="Renderer\DeviceUtils\D3D12Device\Interop.h">
      <Filter>Header Files</Filter>
    </ClInclude>
    <ClInclude Include="Renderer\DeviceUtils\VertexBuffer\VertexBuffer.h">
      <Filter>Header Files</Filter>
    </ClInclude>
    <ClInclude Include="Renderer\DeviceUtils\RenderTarget\RenderTarget.h">
      <Filter>Header Files</Filter>
    </ClInclude>
    <ClInclude Include="Renderer\DeviceUtils\Resources\Resources.h">
      <Filter>Header Files</Filter>
    </ClInclude>
    <ClInclude Include="Renderer\DeviceUtils\IndexBuffer\IndexBuffer.h">
      <Filter>Header Files</Filter>
    </ClInclude>
    <ClInclude Include="Renderer\DeviceUtils\ConstantsBuffer\ConstantsBuffer.h">
      <Filter>Header Files</Filter>
    </ClInclude>
    <ClInclude Include="Renderer\DeviceUtils\RootSignature\RootSignature.h">
      <Filter>Header Files</Filter>
    </ClInclude>
    <ClInclude Include="Renderer\DeviceUtils\PipelineState\PipelineState.h">
      <Filter>Header Files</Filter>
    </ClInclude>
    <ClInclude Include="Primitives\UtahTeapot.h">
      <Filter>Header Files</Filter>
    </ClInclude>
    <ClInclude Include="Scene\Camera\Camera.h">
      <Filter>Header Files</Filter>
    </ClInclude>
    <ClInclude Include="Scene\Camera\Projections\Perspective.h">
      <Filter>Header Files</Filter>
    </ClInclude>
    <ClInclude Include="Scene\Camera\Projections\Orthographic.h">
      <Filter>Header Files</Filter>
    </ClInclude>
    <ClInclude Include="Scene\Lights\Lights.h">
      <Filter>Header Files</Filter>
    </ClInclude>
    <ClInclude Include="Templates\Model3D\Model3D.h">
      <Filter>Header Files</Filter>
    </ClInclude>
    <ClInclude Include="Animation\Animated.h">
      <Filter>Header Files</Filter>
    </ClInclude>
    <ClInclude Include="Primitives\Decal.h">
      <Filter>Header Files</Filter>
    </ClInclude>
    <ClInclude Include="Effects\Effects.h">
      <Filter>Header Files</Filter>
    </ClInclude>
    <ClInclude Include="Effects\DecalLoop.h">
      <Filter>Header Files</Filter>
    </ClInclude>
    <ClInclude Include="Effects\LightOscilation.h">
      <Filter>Header Files</Filter>
    </ClInclude>
    <ClInclude Include="Audio\AudioSystem.h">
      <Filter>Header Files</Filter>
    </ClInclude>
    <ClInclude Include="Editor\Editor.h">
      <Filter>Header Files</Filter>
    </ClInclude>
    <ClInclude Include="Editor\DefaultLevel.h">
      <Filter>Header Files</Filter>
    </ClInclude>
    <ClInclude Include="Scene\Level.h">
      <Filter>Header Files</Filter>
    </ClInclude>
    <ClInclude Include="Scene\Scene.h">
      <Filter>Header Files</Filter>
    </ClInclude>
    <ClInclude Include="Templates\Templates.h">
      <Filter>Header Files</Filter>
    </ClInclude>
    <ClInclude Include="Scene\Sound\SoundEffect.h">
      <Filter>Header Files</Filter>
    </ClInclude>
    <ClInclude Include="Editor\IconsFontAwesome5.h">
      <Filter>Header Files</Filter>
    </ClInclude>
    <ClInclude Include="Renderer\DeviceUtils\RenderToTexture\RenderToTexture.h">
      <Filter>Header Files</Filter>
    </ClInclude>
    <ClInclude Include="Renderer\DeviceUtils\DescriptorHeap\DescriptorHeap.h">
      <Filter>Header Files</Filter>
    </ClInclude>
    <ClInclude Include="Renderer\RenderPass\RenderPass.h">
      <Filter>Header Files</Filter>
    </ClInclude>
    <ClInclude Include="Scene\Lights\ShadowMap.h">
      <Filter>Header Files</Filter>
    </ClInclude>
    <ClInclude Include="Primitives\BoxLines.h">
      <Filter>Header Files</Filter>
    </ClInclude>
    <ClInclude Include="pch\ImEditor.h">
      <Filter>Header Files</Filter>
    </ClInclude>
    <ClInclude Include="pch\Json.h">
      <Filter>Header Files</Filter>
    </ClInclude>
    <ClInclude Include="pch\NoStd.h">
      <Filter>Header Files</Filter>
    </ClInclude>
    <ClInclude Include="Templates\Material\Variables.h">
      <Filter>Header Files</Filter>
    </ClInclude>
    <ClInclude Include="pch\DXTypes.h">
      <Filter>Header Files</Filter>
    </ClInclude>
    <ClInclude Include="pch\TemplateFlags.h">
      <Filter>Header Files</Filter>
    </ClInclude>
    <ClInclude Include="Shaders\Compiler\CustomIncludeHandler.h">
      <Filter>Header Files</Filter>
    </ClInclude>
    <ClInclude Include="Shaders\Compiler\CompilerQueue.h">
      <Filter>Header Files</Filter>
    </ClInclude>
    <ClInclude Include="Templates\Material\SamplerDesc.h">
      <Filter>Header Files</Filter>
    </ClInclude>
    <ClInclude Include="Game.h">
      <Filter>Header Files</Filter>
    </ClInclude>
    <ClInclude Include="GameDecl.h">
      <Filter>Header Files</Filter>
    </ClInclude>
    <ClInclude Include="pch\Debug.h">
      <Filter>Header Files</Filter>
    </ClInclude>
    <ClInclude Include="pch\ShaderMaterials.h">
      <Filter>Header Files</Filter>
    </ClInclude>
    <ClInclude Include="pch\Command.h">
      <Filter>Header Files</Filter>
    </ClInclude>
    <ClInclude Include="pch\DDSTextures.h">
      <Filter>Header Files</Filter>
    </ClInclude>
    <ClInclude Include="pch\UUID.h">
      <Filter>Header Files</Filter>
    </ClInclude>
    <ClInclude Include="Shaders\Compute\Renderable\RenderableBoundingBox.h">
      <Filter>Header Files</Filter>
    </ClInclude>
    <ClInclude Include="Templates\Textures\Texture.h">
      <Filter>Header Files</Filter>
    </ClInclude>
    <ClInclude Include="Templates\TemplateDecl.h">
      <Filter>Header Files</Filter>
    </ClInclude>
    <ClInclude Include="Templates\TemplateDef.h">
      <Filter>Header Files</Filter>
    </ClInclude>
    <ClInclude Include="Utils\ImageConvert.h">
      <Filter>Header Files</Filter>
    </ClInclude>
    <ClInclude Include="Utils\Utils.h">
      <Filter>Header Files</Filter>
    </ClInclude>
    <ClInclude Include="Shaders\Compute\ComputeShader.h">
      <Filter>Header Files</Filter>
    </ClInclude>
    <ClInclude Include="Shaders\Compute\HDR\LuminanceHistogram.h">
      <Filter>Header Files</Filter>
    </ClInclude>
    <ClInclude Include="Shaders\Compute\ComputeInterface.h">
      <Filter>Header Files</Filter>
    </ClInclude>
    <ClInclude Include="Shaders\Compute\HDR\LuminanceHistogramAverage.h">
      <Filter>Header Files</Filter>
    </ClInclude>
    <ClInclude Include="pch\RefTracker.h">
      <Filter>Header Files</Filter>
    </ClInclude>
    <ClInclude Include="pch\NoMath.h">
      <Filter>Header Files</Filter>
    </ClInclude>
    <ClInclude Include="Shaders\Compute\IBL\DiffuseIrradianceMap.h">
      <Filter>Header Files</Filter>
    </ClInclude>
    <ClInclude Include="Shaders\Compute\IBL\PreFilteredEnvironmentMap.h">
      <Filter>Header Files</Filter>
    </ClInclude>
    <ClInclude Include="Shaders\Compute\IBL\BRDFLUT.h">
      <Filter>Header Files</Filter>
    </ClInclude>
  </ItemGroup>
  <ItemGroup>
    <ClCompile Include="Engine.cpp">
      <Filter>Source Files</Filter>
    </ClCompile>
    <ClCompile Include="Renderer\Renderer.cpp">
      <Filter>Source Files\Renderer</Filter>
    </ClCompile>
    <ClCompile Include="Shaders\Compiler\ShaderCompiler.cpp">
      <Filter>Source Files\Shaders\Compiler</Filter>
    </ClCompile>
    <ClCompile Include="Templates\Sound\Sound.cpp">
      <Filter>Source Files\Templates</Filter>
    </ClCompile>
    <ClCompile Include="Templates\Mesh\Mesh.cpp">
      <Filter>Source Files\Templates</Filter>
    </ClCompile>
    <ClCompile Include="Templates\Material\Material.cpp">
      <Filter>Source Files\Templates</Filter>
    </ClCompile>
    <ClCompile Include="pch.cpp">
      <Filter>Source Files</Filter>
    </ClCompile>
    <ClCompile Include="Templates\Shader\Shader.cpp">
      <Filter>Source Files</Filter>
    </ClCompile>
    <ClCompile Include="Scene\Renderable\Renderable.cpp">
      <Filter>Source Files</Filter>
    </ClCompile>
    <ClCompile Include="Renderer\DeviceUtils\D3D12Device\Builder.cpp">
      <Filter>Source Files</Filter>
    </ClCompile>
    <ClCompile Include="Renderer\DeviceUtils\D3D12Device\Interop.cpp">
      <Filter>Source Files</Filter>
    </ClCompile>
    <ClCompile Include="Renderer\DeviceUtils\VertexBuffer\VertexBuffer.cpp">
      <Filter>Source Files</Filter>
    </ClCompile>
    <ClCompile Include="Renderer\DeviceUtils\RenderTarget\RenderTarget.cpp">
      <Filter>Source Files</Filter>
    </ClCompile>
    <ClCompile Include="Renderer\DeviceUtils\Resources\Resources.cpp">
      <Filter>Source Files</Filter>
    </ClCompile>
    <ClCompile Include="Renderer\DeviceUtils\IndexBuffer\IndexBuffer.cpp">
      <Filter>Source Files</Filter>
    </ClCompile>
    <ClCompile Include="Renderer\DeviceUtils\ConstantsBuffer\ConstantsBuffer.cpp">
      <Filter>Source Files</Filter>
    </ClCompile>
    <ClCompile Include="Renderer\DeviceUtils\RootSignature\RootSignature.cpp">
      <Filter>Source Files</Filter>
    </ClCompile>
    <ClCompile Include="Renderer\DeviceUtils\PipelineState\PipelineState.cpp">
      <Filter>Source Files</Filter>
    </ClCompile>
    <ClCompile Include="Scene\Camera\Camera.cpp">
      <Filter>Source Files</Filter>
    </ClCompile>
    <ClCompile Include="Scene\Lights\Lights.cpp">
      <Filter>Source Files</Filter>
    </ClCompile>
    <ClCompile Include="Templates\Model3D\Model3D.cpp">
      <Filter>Source Files</Filter>
    </ClCompile>
    <ClCompile Include="Animation\Animated.cpp">
      <Filter>Source Files</Filter>
    </ClCompile>
    <ClCompile Include="Effects\Effects.cpp">
      <Filter>Source Files</Filter>
    </ClCompile>
    <ClCompile Include="Effects\DecalLoop.cpp">
      <Filter>Source Files</Filter>
    </ClCompile>
    <ClCompile Include="Effects\LightOscilation.cpp">
      <Filter>Source Files</Filter>
    </ClCompile>
    <ClCompile Include="Audio\AudioSystem.cpp">
      <Filter>Source Files</Filter>
    </ClCompile>
    <ClCompile Include="Editor\Editor.cpp">
      <Filter>Source Files</Filter>
    </ClCompile>
    <ClCompile Include="Templates\Templates.cpp">
      <Filter>Source Files</Filter>
    </ClCompile>
    <ClCompile Include="Scene\Level.cpp">
      <Filter>Source Files</Filter>
    </ClCompile>
    <ClCompile Include="Scene\Sound\SoundEffect.cpp">
      <Filter>Source Files</Filter>
    </ClCompile>
    <ClCompile Include="Renderer\DeviceUtils\RenderToTexture\RenderToTexture.cpp">
      <Filter>Source Files</Filter>
    </ClCompile>
    <ClCompile Include="Renderer\RenderPass\RenderPass.cpp">
      <Filter>Source Files</Filter>
    </ClCompile>
    <ClCompile Include="Scene\Lights\ShadowMap.cpp">
      <Filter>Source Files</Filter>
    </ClCompile>
    <ClCompile Include="Shaders\Compiler\CustomIncludeHandler.cpp">
      <Filter>Source Files</Filter>
    </ClCompile>
    <ClCompile Include="Game.cpp">
      <Filter>Source Files</Filter>
    </ClCompile>
    <ClCompile Include="Scene\Scene.cpp">
      <Filter>Source Files</Filter>
    </ClCompile>
    <ClCompile Include="Renderer\VertexFormats.cpp">
      <Filter>Source Files</Filter>
    </ClCompile>
    <ClCompile Include="Templates\Material\Variables.cpp">
      <Filter>Source Files</Filter>
    </ClCompile>
    <ClCompile Include="Shaders\Compute\Renderable\RenderableBoundingBox.cpp">
      <Filter>Source Files</Filter>
    </ClCompile>
    <ClCompile Include="Templates\Textures\Texture.cpp">
      <Filter>Source Files</Filter>
    </ClCompile>
    <ClCompile Include="Utils\ImageConvert.cpp">
      <Filter>Source Files</Filter>
    </ClCompile>
    <ClCompile Include="Utils\Utils.cpp">
      <Filter>Source Files</Filter>
    </ClCompile>
    <ClCompile Include="Shaders\Compute\ComputeShader.cpp">
      <Filter>Source Files</Filter>
    </ClCompile>
    <ClCompile Include="Shaders\Compute\HDR\LuminanceHistogram.cpp">
      <Filter>Source Files</Filter>
    </ClCompile>
    <ClCompile Include="Shaders\Compute\HDR\LuminanceHistogramAverage.cpp">
      <Filter>Source Files</Filter>
    </ClCompile>
    <ClCompile Include="Shaders\Compute\IBL\DiffuseIrradianceMap.cpp">
      <Filter>Source Files</Filter>
    </ClCompile>
    <ClCompile Include="Shaders\Compute\IBL\PreFilteredEnvironmentMap.cpp">
      <Filter>Source Files</Filter>
    </ClCompile>
    <ClCompile Include="Shaders\Compute\IBL\BRDFLUT.cpp">
      <Filter>Source Files</Filter>
    </ClCompile>
    <ClCompile Include="Renderer\DeviceUtils\DescriptorHeap\DescriptorHeap.cpp">
      <Filter>Source Files</Filter>
    </ClCompile>
    <ClCompile Include="Primitives\BoxLines.cpp">
      <Filter>Source Files</Filter>
    </ClCompile>
    <ClCompile Include="Primitives\Cube.cpp">
      <Filter>Source Files</Filter>
    </ClCompile>
    <ClCompile Include="Primitives\Decal.cpp">
      <Filter>Source Files</Filter>
    </ClCompile>
    <ClCompile Include="Primitives\Floor.cpp">
      <Filter>Source Files</Filter>
    </ClCompile>
    <ClCompile Include="Primitives\Pentahedron.cpp">
      <Filter>Source Files</Filter>
    </ClCompile>
    <ClCompile Include="Primitives\UtahTeapot.cpp">
      <Filter>Source Files</Filter>
    </ClCompile>
  </ItemGroup>
  <ItemGroup>
    <ResourceCompile Include="WindowsProject2.rc">
      <Filter>Resource Files</Filter>
    </ResourceCompile>
  </ItemGroup>
  <ItemGroup>
    <Image Include="small.ico">
      <Filter>Resource Files</Filter>
    </Image>
    <Image Include="WindowsProject2.ico">
      <Filter>Resource Files</Filter>
    </Image>
  </ItemGroup>
  <ItemGroup>
    <None Include="packages.config" />
  </ItemGroup>
</Project>